{
    "_readme": [
        "This file locks the dependencies of your project to a known state",
        "Read more about it at https://getcomposer.org/doc/01-basic-usage.md#composer-lock-the-lock-file",
        "This file is @generated automatically"
    ],
    "hash": "622300d2fe0cbdfa2b99d5fe0d9340f9",
    "content-hash": "0ce014954042412d674c87669826f61e",
    "packages": [
        {
            "name": "fsth/redis-client",
            "version": "v0.1.2",
            "source": {
                "type": "git",
                "url": "https://github.com/findsomething/redis-client.git",
                "reference": "2aaa1f8f055387bcf8a84e0a021c0280ff1ec460"
            },
            "dist": {
                "type": "zip",
                "url": "https://packagist.phpcomposer.com/files/findsomething/redis-client/2aaa1f8f055387bcf8a84e0a021c0280ff1ec460.zip",
                "reference": "2aaa1f8f055387bcf8a84e0a021c0280ff1ec460",
                "shasum": ""
            },
            "require": {
                "psr/log": ">=1.0.0"
            },
            "type": "library",
            "autoload": {
                "psr-4": {
                    "FSth\\Redis\\": "src/",
                    "FSth\\Redis\\Tests\\": "tests/"
                }
            },
            "notification-url": "https://packagist.org/downloads/",
            "license": [
                "MIT"
            ],
            "description": "redis client.",
            "time": "2016-10-25 11:12:04"
        },
        {
            "name": "malkusch/lock",
            "version": "1.0.0",
            "source": {
                "type": "git",
                "url": "https://github.com/malkusch/lock.git",
                "reference": "5555f291092a0ed5ab4f02d8be7031b877d8d165"
            },
            "dist": {
                "type": "zip",
                "url": "https://packagist.phpcomposer.com/files/malkusch/lock/5555f291092a0ed5ab4f02d8be7031b877d8d165.zip",
                "reference": "5555f291092a0ed5ab4f02d8be7031b877d8d165",
                "shasum": ""
            },
            "require": {
                "php": ">=5.6",
                "psr/log": "^1"
            },
            "require-dev": {
                "ext-redis": "^2.2.4|^3",
                "kriswallsmith/spork": "^0.3",
                "mikey179/vfsstream": "^1.5.0",
                "php-mock/php-mock-phpunit": "^1",
                "phpunit/phpunit": "^5",
                "predis/predis": "~1.0",
                "zetacomponents/system-information": "~1.1"
            },
            "type": "library",
            "autoload": {
                "psr-4": {
                    "malkusch\\lock\\": "classes/"
                }
            },
            "notification-url": "https://packagist.org/downloads/",
            "license": [
                "WTFPL"
            ],
            "authors": [
                {
                    "name": "Markus Malkusch",
                    "email": "markus@malkusch.de",
                    "homepage": "http://markus.malkusch.de",
                    "role": "Developer"
                }
            ],
            "description": "Mutex library for exclusive code execution.",
            "homepage": "https://github.com/malkusch/lock",
            "keywords": [
                "cas",
                "flock",
                "lock",
                "memcache",
                "mutex",
                "redis",
                "redlock",
                "semaphore"
            ],
            "time": "2016-08-05 11:03:36"
        },
        {
            "name": "psr/log",
            "version": "1.0.2",
            "source": {
                "type": "git",
                "url": "https://github.com/php-fig/log.git",
                "reference": "4ebe3a8bf773a19edfe0a84b6585ba3d401b724d"
            },
            "dist": {
                "type": "zip",
                "url": "https://packagist.phpcomposer.com/files/php-fig/log/4ebe3a8bf773a19edfe0a84b6585ba3d401b724d.zip",
                "reference": "4ebe3a8bf773a19edfe0a84b6585ba3d401b724d",
                "shasum": ""
            },
            "require": {
                "php": ">=5.3.0"
            },
            "type": "library",
            "extra": {
                "branch-alias": {
                    "dev-master": "1.0.x-dev"
                }
            },
            "autoload": {
                "psr-4": {
                    "Psr\\Log\\": "Psr/Log/"
                }
            },
            "notification-url": "https://packagist.org/downloads/",
            "license": [
                "MIT"
            ],
            "authors": [
                {
                    "name": "PHP-FIG",
                    "homepage": "http://www.php-fig.org/"
                }
            ],
            "description": "Common interface for logging libraries",
            "homepage": "https://github.com/php-fig/log",
            "keywords": [
                "log",
                "psr",
                "psr-3"
            ],
            "time": "2016-10-10 12:19:37"
        }
    ],
    "packages-dev": [],
    "aliases": [],
    "minimum-stability": "stable",
    "stability-flags": [],
    "prefer-stable": false,
    "prefer-lowest": false,
    "platform": [],
    "platform-dev": []
}
